
Microsoft Visual Studio Solution File, Format Version 12.00
# Visual Studio Version 17
VisualStudioVersion = 17.9.34714.143
MinimumVisualStudioVersion = 10.0.40219.1
Project("{FAE04EC0-301F-11D3-BF4B-00C04F79EFBC}") = "MVVM_Museum", "MVVM_Museum\MVVM_Museum.csproj", "{AE2327DB-7680-4751-A107-5108442F165D}"
EndProject
Global
	GlobalSection(SolutionConfigurationPlatforms) = preSolution
		Debug|Any CPU = Debug|Any CPU
		Release|Any CPU = Release|Any CPU
	EndGlobalSection
	GlobalSection(ProjectConfigurationPlatforms) = postSolution
		{AE2327DB-7680-4751-A107-5108442F165D}.Debug|Any CPU.ActiveCfg = Debug|Any CPU
		{AE2327DB-7680-4751-A107-5108442F165D}.Debug|Any CPU.Build.0 = Debug|Any CPU
		{AE2327DB-7680-4751-A107-5108442F165D}.Release|Any CPU.ActiveCfg = Release|Any CPU
		{AE2327DB-7680-4751-A107-5108442F165D}.Release|Any CPU.Build.0 = Release|Any CPU
	EndGlobalSection
	GlobalSection(SolutionProperties) = preSolution
		HideSolutionNode = FALSE
	EndGlobalSection
	GlobalSection(ExtensibilityGlobals) = postSolution
		SolutionGuid = {DBD5D373-5160-4F25-98E6-1F6ADC71357D}
	EndGlobalSection
EndGlobal
